// !$*UTF8*$!
{
	archiveVersion = 1;
	classes = {
	};
	objectVersion = 46;
	objects = {

/* Begin PBXBuildFile section */
		7122E6D61970EB93006A1D10 /* Cocoa.framework in Frameworks */ = {isa = PBXBuildFile; fileRef = 7122E6D51970EB93006A1D10 /* Cocoa.framework */; };
		7122E6E01970EB93006A1D10 /* InfoPlist.strings in Resources */ = {isa = PBXBuildFile; fileRef = 7122E6DE1970EB93006A1D10 /* InfoPlist.strings */; };
		7122E6E21970EB93006A1D10 /* main.m in Sources */ = {isa = PBXBuildFile; fileRef = 7122E6E11970EB93006A1D10 /* main.m */; };
		7122E6E61970EB93006A1D10 /* Credits.rtf in Resources */ = {isa = PBXBuildFile; fileRef = 7122E6E41970EB93006A1D10 /* Credits.rtf */; };
		7122E6E91970EB93006A1D10 /* klarkAppDelegate.m in Sources */ = {isa = PBXBuildFile; fileRef = 7122E6E81970EB93006A1D10 /* klarkAppDelegate.m */; };
		7122E6EC1970EB93006A1D10 /* MainMenu.xib in Resources */ = {isa = PBXBuildFile; fileRef = 7122E6EA1970EB93006A1D10 /* MainMenu.xib */; };
		7122E6EE1970EB93006A1D10 /* Images.xcassets in Resources */ = {isa = PBXBuildFile; fileRef = 7122E6ED1970EB93006A1D10 /* Images.xcassets */; };
		7122E6F51970EB93006A1D10 /* XCTest.framework in Frameworks */ = {isa = PBXBuildFile; fileRef = 7122E6F41970EB93006A1D10 /* XCTest.framework */; };
		7122E6F61970EB93006A1D10 /* Cocoa.framework in Frameworks */ = {isa = PBXBuildFile; fileRef = 7122E6D51970EB93006A1D10 /* Cocoa.framework */; };
		7122E6FE1970EB93006A1D10 /* InfoPlist.strings in Resources */ = {isa = PBXBuildFile; fileRef = 7122E6FC1970EB93006A1D10 /* InfoPlist.strings */; };
		7122E7001970EB93006A1D10 /* StringTests.m in Sources */ = {isa = PBXBuildFile; fileRef = 7122E6FF1970EB93006A1D10 /* StringTests.m */; };
		7122E70F19710CE6006A1D10 /* klarkNSString.m in Sources */ = {isa = PBXBuildFile; fileRef = 7122E70E19710CE6006A1D10 /* klarkNSString.m */; };
/* End PBXBuildFile section */

/* Begin PBXContainerItemProxy section */
		7122E6F71970EB93006A1D10 /* PBXContainerItemProxy */ = {
			isa = PBXContainerItemProxy;
			containerPortal = 7122E6CA1970EB93006A1D10 /* Project object */;
			proxyType = 1;
			remoteGlobalIDString = 7122E6D11970EB93006A1D10;
			remoteInfo = String;
		};
/* End PBXContainerItemProxy section */

/* Begin PBXFileReference section */
		7122E6D21970EB93006A1D10 /* String.app */ = {isa = PBXFileReference; explicitFileType = wrapper.application; includeInIndex = 0; path = String.app; sourceTree = BUILT_PRODUCTS_DIR; };
		7122E6D51970EB93006A1D10 /* Cocoa.framework */ = {isa = PBXFileReference; lastKnownFileType = wrapper.framework; name = Cocoa.framework; path = System/Library/Frameworks/Cocoa.framework; sourceTree = SDKROOT; };
		7122E6D81970EB93006A1D10 /* AppKit.framework */ = {isa = PBXFileReference; lastKnownFileType = wrapper.framework; name = AppKit.framework; path = System/Library/Frameworks/AppKit.framework; sourceTree = SDKROOT; };
		7122E6D91970EB93006A1D10 /* CoreData.framework */ = {isa = PBXFileReference; lastKnownFileType = wrapper.framework; name = CoreData.framework; path = System/Library/Frameworks/CoreData.framework; sourceTree = SDKROOT; };
		7122E6DA1970EB93006A1D10 /* Foundation.framework */ = {isa = PBXFileReference; lastKnownFileType = wrapper.framework; name = Foundation.framework; path = System/Library/Frameworks/Foundation.framework; sourceTree = SDKROOT; };
		7122E6DD1970EB93006A1D10 /* String-Info.plist */ = {isa = PBXFileReference; lastKnownFileType = text.plist.xml; path = "String-Info.plist"; sourceTree = "<group>"; };
		7122E6DF1970EB93006A1D10 /* en */ = {isa = PBXFileReference; lastKnownFileType = text.plist.strings; name = en; path = en.lproj/InfoPlist.strings; sourceTree = "<group>"; };
		7122E6E11970EB93006A1D10 /* main.m */ = {isa = PBXFileReference; lastKnownFileType = sourcecode.c.objc; path = main.m; sourceTree = "<group>"; };
		7122E6E31970EB93006A1D10 /* String-Prefix.pch */ = {isa = PBXFileReference; lastKnownFileType = sourcecode.c.h; path = "String-Prefix.pch"; sourceTree = "<group>"; };
		7122E6E51970EB93006A1D10 /* en */ = {isa = PBXFileReference; lastKnownFileType = text.rtf; name = en; path = en.lproj/Credits.rtf; sourceTree = "<group>"; };
		7122E6E71970EB93006A1D10 /* klarkAppDelegate.h */ = {isa = PBXFileReference; lastKnownFileType = sourcecode.c.h; path = klarkAppDelegate.h; sourceTree = "<group>"; };
		7122E6E81970EB93006A1D10 /* klarkAppDelegate.m */ = {isa = PBXFileReference; lastKnownFileType = sourcecode.c.objc; path = klarkAppDelegate.m; sourceTree = "<group>"; };
		7122E6EB1970EB93006A1D10 /* Base */ = {isa = PBXFileReference; lastKnownFileType = file.xib; name = Base; path = Base.lproj/MainMenu.xib; sourceTree = "<group>"; };
		7122E6ED1970EB93006A1D10 /* Images.xcassets */ = {isa = PBXFileReference; lastKnownFileType = folder.assetcatalog; path = Images.xcassets; sourceTree = "<group>"; };
		7122E6F31970EB93006A1D10 /* StringTests.xctest */ = {isa = PBXFileReference; explicitFileType = wrapper.cfbundle; includeInIndex = 0; path = StringTests.xctest; sourceTree = BUILT_PRODUCTS_DIR; };
		7122E6F41970EB93006A1D10 /* XCTest.framework */ = {isa = PBXFileReference; lastKnownFileType = wrapper.framework; name = XCTest.framework; path = Library/Frameworks/XCTest.framework; sourceTree = DEVELOPER_DIR; };
		7122E6FB1970EB93006A1D10 /* StringTests-Info.plist */ = {isa = PBXFileReference; lastKnownFileType = text.plist.xml; path = "StringTests-Info.plist"; sourceTree = "<group>"; };
		7122E6FD1970EB93006A1D10 /* en */ = {isa = PBXFileReference; lastKnownFileType = text.plist.strings; name = en; path = en.lproj/InfoPlist.strings; sourceTree = "<group>"; };
		7122E6FF1970EB93006A1D10 /* StringTests.m */ = {isa = PBXFileReference; lastKnownFileType = sourcecode.c.objc; path = StringTests.m; sourceTree = "<group>"; };
		7122E70D19710CE6006A1D10 /* klarkNSString.h */ = {isa = PBXFileReference; fileEncoding = 4; lastKnownFileType = sourcecode.c.h; path = klarkNSString.h; sourceTree = "<group>"; };
		7122E70E19710CE6006A1D10 /* klarkNSString.m */ = {isa = PBXFileReference; fileEncoding = 4; lastKnownFileType = sourcecode.c.objc; path = klarkNSString.m; sourceTree = "<group>"; };
/* End PBXFileReference section */

/* Begin PBXFrameworksBuildPhase section */
		7122E6CF1970EB93006A1D10 /* Frameworks */ = {
			isa = PBXFrameworksBuildPhase;
			buildActionMask = 2147483647;
			files = (
				7122E6D61970EB93006A1D10 /* Cocoa.framework in Frameworks */,
			);
			runOnlyForDeploymentPostprocessing = 0;
		};
		7122E6F01970EB93006A1D10 /* Frameworks */ = {
			isa = PBXFrameworksBuildPhase;
			buildActionMask = 2147483647;
			files = (
				7122E6F61970EB93006A1D10 /* Cocoa.framework in Frameworks */,
				7122E6F51970EB93006A1D10 /* XCTest.framework in Frameworks */,
			);
			runOnlyForDeploymentPostprocessing = 0;
		};
/* End PBXFrameworksBuildPhase section */

/* Begin PBXGroup section */
		7122E6C91970EB93006A1D10 = {
			isa = PBXGroup;
			children = (
				7122E6DB1970EB93006A1D10 /* String */,
				7122E6F91970EB93006A1D10 /* StringTests */,
				7122E6D41970EB93006A1D10 /* Frameworks */,
				7122E6D31970EB93006A1D10 /* Products */,
			);
			sourceTree = "<group>";
		};
		7122E6D31970EB93006A1D10 /* Products */ = {
			isa = PBXGroup;
			children = (
				7122E6D21970EB93006A1D10 /* String.app */,
				7122E6F31970EB93006A1D10 /* StringTests.xctest */,
			);
			name = Products;
			sourceTree = "<group>";
		};
		7122E6D41970EB93006A1D10 /* Frameworks */ = {
			isa = PBXGroup;
			children = (
				7122E6D51970EB93006A1D10 /* Cocoa.framework */,
				7122E6F41970EB93006A1D10 /* XCTest.framework */,
				7122E6D71970EB93006A1D10 /* Other Frameworks */,
			);
			name = Frameworks;
			sourceTree = "<group>";
		};
		7122E6D71970EB93006A1D10 /* Other Frameworks */ = {
			isa = PBXGroup;
			children = (
				7122E6D81970EB93006A1D10 /* AppKit.framework */,
				7122E6D91970EB93006A1D10 /* CoreData.framework */,
				7122E6DA1970EB93006A1D10 /* Foundation.framework */,
			);
			name = "Other Frameworks";
			sourceTree = "<group>";
		};
		7122E6DB1970EB93006A1D10 /* String */ = {
			isa = PBXGroup;
			children = (
				7122E6E71970EB93006A1D10 /* klarkAppDelegate.h */,
				7122E6E81970EB93006A1D10 /* klarkAppDelegate.m */,
				7122E6EA1970EB93006A1D10 /* MainMenu.xib */,
				7122E6ED1970EB93006A1D10 /* Images.xcassets */,
				7122E6E11970EB93006A1D10 /* main.m */,
				7122E6DC1970EB93006A1D10 /* Supporting Files */,
			);
			path = String;
			sourceTree = "<group>";
		};
		7122E6DC1970EB93006A1D10 /* Supporting Files */ = {
			isa = PBXGroup;
			children = (
				7122E70D19710CE6006A1D10 /* klarkNSString.h */,
				7122E70E19710CE6006A1D10 /* klarkNSString.m */,
				7122E6DD1970EB93006A1D10 /* String-Info.plist */,
				7122E6DE1970EB93006A1D10 /* InfoPlist.strings */,
				7122E6E31970EB93006A1D10 /* String-Prefix.pch */,
				7122E6E41970EB93006A1D10 /* Credits.rtf */,
			);
			name = "Supporting Files";
			sourceTree = "<group>";
		};
		7122E6F91970EB93006A1D10 /* StringTests */ = {
			isa = PBXGroup;
			children = (
				7122E6FF1970EB93006A1D10 /* StringTests.m */,
				7122E6FA1970EB93006A1D10 /* Supporting Files */,
			);
			path = StringTests;
			sourceTree = "<group>";
		};
		7122E6FA1970EB93006A1D10 /* Supporting Files */ = {
			isa = PBXGroup;
			children = (
				7122E6FB1970EB93006A1D10 /* StringTests-Info.plist */,
				7122E6FC1970EB93006A1D10 /* InfoPlist.strings */,
			);
			name = "Supporting Files";
			sourceTree = "<group>";
		};
/* End PBXGroup section */

/* Begin PBXNativeTarget section */
		7122E6D11970EB93006A1D10 /* String */ = {
			isa = PBXNativeTarget;
			buildConfigurationList = 7122E7031970EB93006A1D10 /* Build configuration list for PBXNativeTarget "String" */;
			buildPhases = (
				7122E6CE1970EB93006A1D10 /* Sources */,
				7122E6CF1970EB93006A1D10 /* Frameworks */,
				7122E6D01970EB93006A1D10 /* Resources */,
			);
			buildRules = (
			);
			dependencies = (
			);
			name = String;
			productName = String;
			productReference = 7122E6D21970EB93006A1D10 /* String.app */;
			productType = "com.apple.product-type.application";
		};
		7122E6F21970EB93006A1D10 /* StringTests */ = {
			isa = PBXNativeTarget;
			buildConfigurationList = 7122E7061970EB93006A1D10 /* Build configuration list for PBXNativeTarget "StringTests" */;
			buildPhases = (
				7122E6EF1970EB93006A1D10 /* Sources */,
				7122E6F01970EB93006A1D10 /* Frameworks */,
				7122E6F11970EB93006A1D10 /* Resources */,
			);
			buildRules = (
			);
			dependencies = (
				7122E6F81970EB93006A1D10 /* PBXTargetDependency */,
			);
			name = StringTests;
			productName = StringTests;
			productReference = 7122E6F31970EB93006A1D10 /* StringTests.xctest */;
			productType = "com.apple.product-type.bundle.unit-test";
		};
/* End PBXNativeTarget section */

/* Begin PBXProject section */
		7122E6CA1970EB93006A1D10 /* Project object */ = {
			isa = PBXProject;
			attributes = {
				CLASSPREFIX = klark;
				LastUpgradeCheck = 0510;
				ORGANIZATIONNAME = tencent;
				TargetAttributes = {
					7122E6F21970EB93006A1D10 = {
						TestTargetID = 7122E6D11970EB93006A1D10;
					};
				};
			};
			buildConfigurationList = 7122E6CD1970EB93006A1D10 /* Build configuration list for PBXProject "String" */;
			compatibilityVersion = "Xcode 3.2";
			developmentRegion = English;
			hasScannedForEncodings = 0;
			knownRegions = (
				en,
				Base,
			);
			mainGroup = 7122E6C91970EB93006A1D10;
			productRefGroup = 7122E6D31970EB93006A1D10 /* Products */;
			projectDirPath = "";
			projectRoot = "";
			targets = (
				7122E6D11970EB93006A1D10 /* String */,
				7122E6F21970EB93006A1D10 /* StringTests */,
			);
		};
/* End PBXProject section */

/* Begin PBXResourcesBuildPhase section */
		7122E6D01970EB93006A1D10 /* Resources */ = {
			isa = PBXResourcesBuildPhase;
			buildActionMask = 2147483647;
			files = (
				7122E6E01970EB93006A1D10 /* InfoPlist.strings in Resources */,
				7122E6EE1970EB93006A1D10 /* Images.xcassets in Resources */,
				7122E6E61970EB93006A1D10 /* Credits.rtf in Resources */,
				7122E6EC1970EB93006A1D10 /* MainMenu.xib in Resources */,
			);
			runOnlyForDeploymentPostprocessing = 0;
		};
		7122E6F11970EB93006A1D10 /* Resources */ = {
			isa = PBXResourcesBuildPhase;
			buildActionMask = 2147483647;
			files = (
				7122E6FE1970EB93006A1D10 /* InfoPlist.strings in Resources */,
			);
			runOnlyForDeploymentPostprocessing = 0;
		};
/* End PBXResourcesBuildPhase section */

/* Begin PBXSourcesBuildPhase section */
		7122E6CE1970EB93006A1D10 /* Sources */ = {
			isa = PBXSourcesBuildPhase;
			buildActionMask = 2147483647;
			files = (
				7122E70F19710CE6006A1D10 /* klarkNSString.m in Sources */,
				7122E6E91970EB93006A1D10 /* klarkAppDelegate.m in Sources */,
				7122E6E21970EB93006A1D10 /* main.m in Sources */,
			);
			runOnlyForDeploymentPostprocessing = 0;
		};
		7122E6EF1970EB93006A1D10 /* Sources */ = {
			isa = PBXSourcesBuildPhase;
			buildActionMask = 2147483647;
			files = (
				7122E7001970EB93006A1D10 /* StringTests.m in Sources */,
			);
			runOnlyForDeploymentPostprocessing = 0;
		};
/* End PBXSourcesBuildPhase section */

/* Begin PBXTargetDependency section */
		7122E6F81970EB93006A1D10 /* PBXTargetDependency */ = {
			isa = PBXTargetDependency;
			target = 7122E6D11970EB93006A1D10 /* String */;
			targetProxy = 7122E6F71970EB93006A1D10 /* PBXContainerItemProxy */;
		};
/* End PBXTargetDependency section */

/* Begin PBXVariantGroup section */
		7122E6DE1970EB93006A1D10 /* InfoPlist.strings */ = {
			isa = PBXVariantGroup;
			children = (
				7122E6DF1970EB93006A1D10 /* en */,
			);
			name = InfoPlist.strings;
			sourceTree = "<group>";
		};
		7122E6E41970EB93006A1D10 /* Credits.rtf */ = {
			isa = PBXVariantGroup;
			children = (
				7122E6E51970EB93006A1D10 /* en */,
			);
			name = Credits.rtf;
			sourceTree = "<group>";
		};
		7122E6EA1970EB93006A1D10 /* MainMenu.xib */ = {
			isa = PBXVariantGroup;
			children = (
				7122E6EB1970EB93006A1D10 /* Base */,
			);
			name = MainMenu.xib;
			sourceTree = "<group>";
		};
		7122E6FC1970EB93006A1D10 /* InfoPlist.strings */ = {
			isa = PBXVariantGroup;
			children = (
				7122E6FD1970EB93006A1D10 /* en */,
			);
			name = InfoPlist.strings;
			sourceTree = "<group>";
		};
/* End PBXVariantGroup section */

/* Begin XCBuildConfiguration section */
		7122E7011970EB93006A1D10 /* Debug */ = {
			isa = XCBuildConfiguration;
			buildSettings = {
				ALWAYS_SEARCH_USER_PATHS = NO;
				CLANG_CXX_LANGUAGE_STANDARD = "gnu++0x";
				CLANG_CXX_LIBRARY = "libc++";
				CLANG_ENABLE_MODULES = YES;
				CLANG_ENABLE_OBJC_ARC = YES;
				CLANG_WARN_BOOL_CONVERSION = YES;
				CLANG_WARN_CONSTANT_CONVERSION = YES;
				CLANG_WARN_DIRECT_OBJC_ISA_USAGE = YES_ERROR;
				CLANG_WARN_EMPTY_BODY = YES;
				CLANG_WARN_ENUM_CONVERSION = YES;
				CLANG_WARN_INT_CONVERSION = YES;
				CLANG_WARN_OBJC_ROOT_CLASS = YES_ERROR;
				CLANG_WARN__DUPLICATE_METHOD_MATCH = YES;
				COPY_PHASE_STRIP = NO;
				GCC_C_LANGUAGE_STANDARD = gnu99;
				GCC_DYNAMIC_NO_PIC = NO;
				GCC_ENABLE_OBJC_EXCEPTIONS = YES;
				GCC_OPTIMIZATION_LEVEL = 0;
				GCC_PREPROCESSOR_DEFINITIONS = (
					"DEBUG=1",
					"$(inherited)",
				);
				GCC_SYMBOLS_PRIVATE_EXTERN = NO;
				GCC_WARN_64_TO_32_BIT_CONVERSION = YES;
				GCC_WARN_ABOUT_RETURN_TYPE = YES_ERROR;
				GCC_WARN_UNDECLARED_SELECTOR = YES;
				GCC_WARN_UNINITIALIZED_AUTOS = YES_AGGRESSIVE;
				GCC_WARN_UNUSED_FUNCTION = YES;
				GCC_WARN_UNUSED_VARIABLE = YES;
				MACOSX_DEPLOYMENT_TARGET = 10.9;
				ONLY_ACTIVE_ARCH = YES;
				SDKROOT = macosx;
			};
			name = Debug;
		};
		7122E7021970EB93006A1D10 /* Release */ = {
			isa = XCBuildConfiguration;
			buildSettings = {
				ALWAYS_SEARCH_USER_PATHS = NO;
				CLANG_CXX_LANGUAGE_STANDARD = "gnu++0x";
				CLANG_CXX_LIBRARY = "libc++";
				CLANG_ENABLE_MODULES = YES;
				CLANG_ENABLE_OBJC_ARC = YES;
				CLANG_WARN_BOOL_CONVERSION = YES;
				CLANG_WARN_CONSTANT_CONVERSION = YES;
				CLANG_WARN_DIRECT_OBJC_ISA_USAGE = YES_ERROR;
				CLANG_WARN_EMPTY_BODY = YES;
				CLANG_WARN_ENUM_CONVERSION = YES;
				CLANG_WARN_INT_CONVERSION = YES;
				CLANG_WARN_OBJC_ROOT_CLASS = YES_ERROR;
				CLANG_WARN__DUPLICATE_METHOD_MATCH = YES;
				COPY_PHASE_STRIP = YES;
				DEBUG_INFORMATION_FORMAT = "dwarf-with-dsym";
				ENABLE_NS_ASSERTIONS = NO;
				GCC_C_LANGUAGE_STANDARD = gnu99;
				GCC_ENABLE_OBJC_EXCEPTIONS = YES;
				GCC_WARN_64_TO_32_BIT_CONVERSION = YES;
				GCC_WARN_ABOUT_RETURN_TYPE = YES_ERROR;
				GCC_WARN_UNDECLARED_SELECTOR = YES;
				GCC_WARN_UNINITIALIZED_AUTOS = YES_AGGRESSIVE;
				GCC_WARN_UNUSED_FUNCTION = YES;
				GCC_WARN_UNUSED_VARIABLE = YES;
				MACOSX_DEPLOYMENT_TARGET = 10.9;
				SDKROOT = macosx;
			};
			name = Release;
		};
		7122E7041970EB93006A1D10 /* Debug */ = {
			isa = XCBuildConfiguration;
			buildSettings = {
				ASSETCATALOG_COMPILER_APPICON_NAME = AppIcon;
				COMBINE_HIDPI_IMAGES = YES;
				GCC_PRECOMPILE_PREFIX_HEADER = YES;
				GCC_PREFIX_HEADER = "String/String-Prefix.pch";
				INFOPLIST_FILE = "String/String-Info.plist";
				PRODUCT_NAME = "$(TARGET_NAME)";
				WRAPPER_EXTENSION = app;
			};
			name = Debug;
		};
		7122E7051970EB93006A1D10 /* Release */ = {
			isa = XCBuildConfiguration;
			buildSettings = {
				ASSETCATALOG_COMPILER_APPICON_NAME = AppIcon;
				COMBINE_HIDPI_IMAGES = YES;
				GCC_PRECOMPILE_PREFIX_HEADER = YES;
				GCC_PREFIX_HEADER = "String/String-Prefix.pch";
				INFOPLIST_FILE = "String/String-Info.plist";
				PRODUCT_NAME = "$(TARGET_NAME)";
				WRAPPER_EXTENSION = app;
			};
			name = Release;
		};
		7122E7071970EB93006A1D10 /* Debug */ = {
			isa = XCBuildConfiguration;
			buildSettings = {
				BUNDLE_LOADER = "$(BUILT_PRODUCTS_DIR)/String.app/Contents/MacOS/String";
				COMBINE_HIDPI_IMAGES = YES;
				FRAMEWORK_SEARCH_PATHS = (
					"$(DEVELOPER_FRAMEWORKS_DIR)",
					"$(inherited)",
				);
				GCC_PRECOMPILE_PREFIX_HEADER = YES;
				GCC_PREFIX_HEADER = "String/String-Prefix.pch";
				GCC_PREPROCESSOR_DEFINITIONS = (
					"DEBUG=1",
					"$(inherited)",
				);
				INFOPLIST_FILE = "StringTests/StringTests-Info.plist";
				PRODUCT_NAME = "$(TARGET_NAME)";
				TEST_HOST = "$(BUNDLE_LOADER)";
				WRAPPER_EXTENSION = xctest;
			};
			name = Debug;
		};
		7122E7081970EB93006A1D10 /* Release */ = {
			isa = XCBuildConfiguration;
			buildSettings = {
				BUNDLE_LOADER = "$(BUILT_PRODUCTS_DIR)/String.app/Contents/MacOS/String";
				COMBINE_HIDPI_IMAGES = YES;
				FRAMEWORK_SEARCH_PATHS = (
					"$(DEVELOPER_FRAMEWORKS_DIR)",
					"$(inherited)",
				);
				GCC_PRECOMPILE_PREFIX_HEADER = YES;
				GCC_PREFIX_HEADER = "String/String-Prefix.pch";
				INFOPLIST_FILE = "StringTests/StringTests-Info.plist";
				PRODUCT_NAME = "$(TARGET_NAME)";
				TEST_HOST = "$(BUNDLE_LOADER)";
				WRAPPER_EXTENSION = xctest;
			};
			name = Release;
		};
/* End XCBuildConfiguration section */

/* Begin XCConfigurationList section */
		7122E6CD1970EB93006A1D10 /* Build configuration list for PBXProject "String" */ = {
			isa = XCConfigurationList;
			buildConfigurations = (
				7122E7011970EB93006A1D10 /* Debug */,
				7122E7021970EB93006A1D10 /* Release */,
			);
			defaultConfigurationIsVisible = 0;
			defaultConfigurationName = Release;
		};
		7122E7031970EB93006A1D10 /* Build configuration list for PBXNativeTarget "String" */ = {
			isa = XCConfigurationList;
			buildConfigurations = (
				7122E7041970EB93006A1D10 /* Debug */,
				7122E7051970EB93006A1D10 /* Release */,
			);
			defaultConfigurationIsVisible = 0;
		};
		7122E7061970EB93006A1D10 /* Build configuration list for PBXNativeTarget "StringTests" */ = {
			isa = XCConfigurationList;
			buildConfigurations = (
				7122E7071970EB93006A1D10 /* Debug */,
				7122E7081970EB93006A1D10 /* Release */,
			);
			defaultConfigurationIsVisible = 0;
		};
/* End XCConfigurationList section */
	};
	rootObject = 7122E6CA1970EB93006A1D10 /* Project object */;
}
