// !$*UTF8*$!
{
	archiveVersion = 1;
	classes = {
	};
	objectVersion = 46;
	objects = {

/* Begin PBXBuildFile section */
		71AC3FB41973F132003A2CCF /* Foundation.framework in Frameworks */ = {isa = PBXBuildFile; fileRef = 71AC3FB31973F132003A2CCF /* Foundation.framework */; };
		71AC3FB61973F132003A2CCF /* CoreGraphics.framework in Frameworks */ = {isa = PBXBuildFile; fileRef = 71AC3FB51973F132003A2CCF /* CoreGraphics.framework */; };
		71AC3FB81973F132003A2CCF /* UIKit.framework in Frameworks */ = {isa = PBXBuildFile; fileRef = 71AC3FB71973F132003A2CCF /* UIKit.framework */; };
		71AC3FBE1973F132003A2CCF /* InfoPlist.strings in Resources */ = {isa = PBXBuildFile; fileRef = 71AC3FBC1973F132003A2CCF /* InfoPlist.strings */; };
		71AC3FC01973F132003A2CCF /* main.m in Sources */ = {isa = PBXBuildFile; fileRef = 71AC3FBF1973F132003A2CCF /* main.m */; };
		71AC3FC41973F132003A2CCF /* klarkAppDelegate.m in Sources */ = {isa = PBXBuildFile; fileRef = 71AC3FC31973F132003A2CCF /* klarkAppDelegate.m */; };
		71AC3FC71973F132003A2CCF /* Main.storyboard in Resources */ = {isa = PBXBuildFile; fileRef = 71AC3FC51973F132003A2CCF /* Main.storyboard */; };
		71AC3FCA1973F132003A2CCF /* klarkViewController.m in Sources */ = {isa = PBXBuildFile; fileRef = 71AC3FC91973F132003A2CCF /* klarkViewController.m */; };
		71AC3FCC1973F132003A2CCF /* Images.xcassets in Resources */ = {isa = PBXBuildFile; fileRef = 71AC3FCB1973F132003A2CCF /* Images.xcassets */; };
		71AC3FD31973F132003A2CCF /* XCTest.framework in Frameworks */ = {isa = PBXBuildFile; fileRef = 71AC3FD21973F132003A2CCF /* XCTest.framework */; };
		71AC3FD41973F132003A2CCF /* Foundation.framework in Frameworks */ = {isa = PBXBuildFile; fileRef = 71AC3FB31973F132003A2CCF /* Foundation.framework */; };
		71AC3FD51973F132003A2CCF /* UIKit.framework in Frameworks */ = {isa = PBXBuildFile; fileRef = 71AC3FB71973F132003A2CCF /* UIKit.framework */; };
		71AC3FDD1973F132003A2CCF /* InfoPlist.strings in Resources */ = {isa = PBXBuildFile; fileRef = 71AC3FDB1973F132003A2CCF /* InfoPlist.strings */; };
		71AC3FDF1973F132003A2CCF /* replaceStringTests.m in Sources */ = {isa = PBXBuildFile; fileRef = 71AC3FDE1973F132003A2CCF /* replaceStringTests.m */; };
/* End PBXBuildFile section */

/* Begin PBXContainerItemProxy section */
		71AC3FD61973F132003A2CCF /* PBXContainerItemProxy */ = {
			isa = PBXContainerItemProxy;
			containerPortal = 71AC3FA81973F132003A2CCF /* Project object */;
			proxyType = 1;
			remoteGlobalIDString = 71AC3FAF1973F132003A2CCF;
			remoteInfo = replaceString;
		};
/* End PBXContainerItemProxy section */

/* Begin PBXFileReference section */
		71AC3FB01973F132003A2CCF /* replaceString.app */ = {isa = PBXFileReference; explicitFileType = wrapper.application; includeInIndex = 0; path = replaceString.app; sourceTree = BUILT_PRODUCTS_DIR; };
		71AC3FB31973F132003A2CCF /* Foundation.framework */ = {isa = PBXFileReference; lastKnownFileType = wrapper.framework; name = Foundation.framework; path = System/Library/Frameworks/Foundation.framework; sourceTree = SDKROOT; };
		71AC3FB51973F132003A2CCF /* CoreGraphics.framework */ = {isa = PBXFileReference; lastKnownFileType = wrapper.framework; name = CoreGraphics.framework; path = System/Library/Frameworks/CoreGraphics.framework; sourceTree = SDKROOT; };
		71AC3FB71973F132003A2CCF /* UIKit.framework */ = {isa = PBXFileReference; lastKnownFileType = wrapper.framework; name = UIKit.framework; path = System/Library/Frameworks/UIKit.framework; sourceTree = SDKROOT; };
		71AC3FBB1973F132003A2CCF /* replaceString-Info.plist */ = {isa = PBXFileReference; lastKnownFileType = text.plist.xml; path = "replaceString-Info.plist"; sourceTree = "<group>"; };
		71AC3FBD1973F132003A2CCF /* en */ = {isa = PBXFileReference; lastKnownFileType = text.plist.strings; name = en; path = en.lproj/InfoPlist.strings; sourceTree = "<group>"; };
		71AC3FBF1973F132003A2CCF /* main.m */ = {isa = PBXFileReference; lastKnownFileType = sourcecode.c.objc; path = main.m; sourceTree = "<group>"; };
		71AC3FC11973F132003A2CCF /* replaceString-Prefix.pch */ = {isa = PBXFileReference; lastKnownFileType = sourcecode.c.h; path = "replaceString-Prefix.pch"; sourceTree = "<group>"; };
		71AC3FC21973F132003A2CCF /* klarkAppDelegate.h */ = {isa = PBXFileReference; lastKnownFileType = sourcecode.c.h; path = klarkAppDelegate.h; sourceTree = "<group>"; };
		71AC3FC31973F132003A2CCF /* klarkAppDelegate.m */ = {isa = PBXFileReference; lastKnownFileType = sourcecode.c.objc; path = klarkAppDelegate.m; sourceTree = "<group>"; };
		71AC3FC61973F132003A2CCF /* Base */ = {isa = PBXFileReference; lastKnownFileType = file.storyboard; name = Base; path = Base.lproj/Main.storyboard; sourceTree = "<group>"; };
		71AC3FC81973F132003A2CCF /* klarkViewController.h */ = {isa = PBXFileReference; lastKnownFileType = sourcecode.c.h; path = klarkViewController.h; sourceTree = "<group>"; };
		71AC3FC91973F132003A2CCF /* klarkViewController.m */ = {isa = PBXFileReference; lastKnownFileType = sourcecode.c.objc; path = klarkViewController.m; sourceTree = "<group>"; };
		71AC3FCB1973F132003A2CCF /* Images.xcassets */ = {isa = PBXFileReference; lastKnownFileType = folder.assetcatalog; path = Images.xcassets; sourceTree = "<group>"; };
		71AC3FD11973F132003A2CCF /* replaceStringTests.xctest */ = {isa = PBXFileReference; explicitFileType = wrapper.cfbundle; includeInIndex = 0; path = replaceStringTests.xctest; sourceTree = BUILT_PRODUCTS_DIR; };
		71AC3FD21973F132003A2CCF /* XCTest.framework */ = {isa = PBXFileReference; lastKnownFileType = wrapper.framework; name = XCTest.framework; path = Library/Frameworks/XCTest.framework; sourceTree = DEVELOPER_DIR; };
		71AC3FDA1973F132003A2CCF /* replaceStringTests-Info.plist */ = {isa = PBXFileReference; lastKnownFileType = text.plist.xml; path = "replaceStringTests-Info.plist"; sourceTree = "<group>"; };
		71AC3FDC1973F132003A2CCF /* en */ = {isa = PBXFileReference; lastKnownFileType = text.plist.strings; name = en; path = en.lproj/InfoPlist.strings; sourceTree = "<group>"; };
		71AC3FDE1973F132003A2CCF /* replaceStringTests.m */ = {isa = PBXFileReference; lastKnownFileType = sourcecode.c.objc; path = replaceStringTests.m; sourceTree = "<group>"; };
/* End PBXFileReference section */

/* Begin PBXFrameworksBuildPhase section */
		71AC3FAD1973F132003A2CCF /* Frameworks */ = {
			isa = PBXFrameworksBuildPhase;
			buildActionMask = 2147483647;
			files = (
				71AC3FB61973F132003A2CCF /* CoreGraphics.framework in Frameworks */,
				71AC3FB81973F132003A2CCF /* UIKit.framework in Frameworks */,
				71AC3FB41973F132003A2CCF /* Foundation.framework in Frameworks */,
			);
			runOnlyForDeploymentPostprocessing = 0;
		};
		71AC3FCE1973F132003A2CCF /* Frameworks */ = {
			isa = PBXFrameworksBuildPhase;
			buildActionMask = 2147483647;
			files = (
				71AC3FD31973F132003A2CCF /* XCTest.framework in Frameworks */,
				71AC3FD51973F132003A2CCF /* UIKit.framework in Frameworks */,
				71AC3FD41973F132003A2CCF /* Foundation.framework in Frameworks */,
			);
			runOnlyForDeploymentPostprocessing = 0;
		};
/* End PBXFrameworksBuildPhase section */

/* Begin PBXGroup section */
		71AC3FA71973F132003A2CCF = {
			isa = PBXGroup;
			children = (
				71AC3FB91973F132003A2CCF /* replaceString */,
				71AC3FD81973F132003A2CCF /* replaceStringTests */,
				71AC3FB21973F132003A2CCF /* Frameworks */,
				71AC3FB11973F132003A2CCF /* Products */,
			);
			sourceTree = "<group>";
		};
		71AC3FB11973F132003A2CCF /* Products */ = {
			isa = PBXGroup;
			children = (
				71AC3FB01973F132003A2CCF /* replaceString.app */,
				71AC3FD11973F132003A2CCF /* replaceStringTests.xctest */,
			);
			name = Products;
			sourceTree = "<group>";
		};
		71AC3FB21973F132003A2CCF /* Frameworks */ = {
			isa = PBXGroup;
			children = (
				71AC3FB31973F132003A2CCF /* Foundation.framework */,
				71AC3FB51973F132003A2CCF /* CoreGraphics.framework */,
				71AC3FB71973F132003A2CCF /* UIKit.framework */,
				71AC3FD21973F132003A2CCF /* XCTest.framework */,
			);
			name = Frameworks;
			sourceTree = "<group>";
		};
		71AC3FB91973F132003A2CCF /* replaceString */ = {
			isa = PBXGroup;
			children = (
				71AC3FC21973F132003A2CCF /* klarkAppDelegate.h */,
				71AC3FC31973F132003A2CCF /* klarkAppDelegate.m */,
				71AC3FC51973F132003A2CCF /* Main.storyboard */,
				71AC3FC81973F132003A2CCF /* klarkViewController.h */,
				71AC3FC91973F132003A2CCF /* klarkViewController.m */,
				71AC3FCB1973F132003A2CCF /* Images.xcassets */,
				71AC3FBA1973F132003A2CCF /* Supporting Files */,
			);
			path = replaceString;
			sourceTree = "<group>";
		};
		71AC3FBA1973F132003A2CCF /* Supporting Files */ = {
			isa = PBXGroup;
			children = (
				71AC3FBB1973F132003A2CCF /* replaceString-Info.plist */,
				71AC3FBC1973F132003A2CCF /* InfoPlist.strings */,
				71AC3FBF1973F132003A2CCF /* main.m */,
				71AC3FC11973F132003A2CCF /* replaceString-Prefix.pch */,
			);
			name = "Supporting Files";
			sourceTree = "<group>";
		};
		71AC3FD81973F132003A2CCF /* replaceStringTests */ = {
			isa = PBXGroup;
			children = (
				71AC3FDE1973F132003A2CCF /* replaceStringTests.m */,
				71AC3FD91973F132003A2CCF /* Supporting Files */,
			);
			path = replaceStringTests;
			sourceTree = "<group>";
		};
		71AC3FD91973F132003A2CCF /* Supporting Files */ = {
			isa = PBXGroup;
			children = (
				71AC3FDA1973F132003A2CCF /* replaceStringTests-Info.plist */,
				71AC3FDB1973F132003A2CCF /* InfoPlist.strings */,
			);
			name = "Supporting Files";
			sourceTree = "<group>";
		};
/* End PBXGroup section */

/* Begin PBXNativeTarget section */
		71AC3FAF1973F132003A2CCF /* replaceString */ = {
			isa = PBXNativeTarget;
			buildConfigurationList = 71AC3FE21973F132003A2CCF /* Build configuration list for PBXNativeTarget "replaceString" */;
			buildPhases = (
				71AC3FAC1973F132003A2CCF /* Sources */,
				71AC3FAD1973F132003A2CCF /* Frameworks */,
				71AC3FAE1973F132003A2CCF /* Resources */,
			);
			buildRules = (
			);
			dependencies = (
			);
			name = replaceString;
			productName = replaceString;
			productReference = 71AC3FB01973F132003A2CCF /* replaceString.app */;
			productType = "com.apple.product-type.application";
		};
		71AC3FD01973F132003A2CCF /* replaceStringTests */ = {
			isa = PBXNativeTarget;
			buildConfigurationList = 71AC3FE51973F132003A2CCF /* Build configuration list for PBXNativeTarget "replaceStringTests" */;
			buildPhases = (
				71AC3FCD1973F132003A2CCF /* Sources */,
				71AC3FCE1973F132003A2CCF /* Frameworks */,
				71AC3FCF1973F132003A2CCF /* Resources */,
			);
			buildRules = (
			);
			dependencies = (
				71AC3FD71973F132003A2CCF /* PBXTargetDependency */,
			);
			name = replaceStringTests;
			productName = replaceStringTests;
			productReference = 71AC3FD11973F132003A2CCF /* replaceStringTests.xctest */;
			productType = "com.apple.product-type.bundle.unit-test";
		};
/* End PBXNativeTarget section */

/* Begin PBXProject section */
		71AC3FA81973F132003A2CCF /* Project object */ = {
			isa = PBXProject;
			attributes = {
				CLASSPREFIX = klark;
				LastUpgradeCheck = 0510;
				ORGANIZATIONNAME = tencent;
				TargetAttributes = {
					71AC3FD01973F132003A2CCF = {
						TestTargetID = 71AC3FAF1973F132003A2CCF;
					};
				};
			};
			buildConfigurationList = 71AC3FAB1973F132003A2CCF /* Build configuration list for PBXProject "replaceString" */;
			compatibilityVersion = "Xcode 3.2";
			developmentRegion = English;
			hasScannedForEncodings = 0;
			knownRegions = (
				en,
				Base,
			);
			mainGroup = 71AC3FA71973F132003A2CCF;
			productRefGroup = 71AC3FB11973F132003A2CCF /* Products */;
			projectDirPath = "";
			projectRoot = "";
			targets = (
				71AC3FAF1973F132003A2CCF /* replaceString */,
				71AC3FD01973F132003A2CCF /* replaceStringTests */,
			);
		};
/* End PBXProject section */

/* Begin PBXResourcesBuildPhase section */
		71AC3FAE1973F132003A2CCF /* Resources */ = {
			isa = PBXResourcesBuildPhase;
			buildActionMask = 2147483647;
			files = (
				71AC3FCC1973F132003A2CCF /* Images.xcassets in Resources */,
				71AC3FBE1973F132003A2CCF /* InfoPlist.strings in Resources */,
				71AC3FC71973F132003A2CCF /* Main.storyboard in Resources */,
			);
			runOnlyForDeploymentPostprocessing = 0;
		};
		71AC3FCF1973F132003A2CCF /* Resources */ = {
			isa = PBXResourcesBuildPhase;
			buildActionMask = 2147483647;
			files = (
				71AC3FDD1973F132003A2CCF /* InfoPlist.strings in Resources */,
			);
			runOnlyForDeploymentPostprocessing = 0;
		};
/* End PBXResourcesBuildPhase section */

/* Begin PBXSourcesBuildPhase section */
		71AC3FAC1973F132003A2CCF /* Sources */ = {
			isa = PBXSourcesBuildPhase;
			buildActionMask = 2147483647;
			files = (
				71AC3FC41973F132003A2CCF /* klarkAppDelegate.m in Sources */,
				71AC3FCA1973F132003A2CCF /* klarkViewController.m in Sources */,
				71AC3FC01973F132003A2CCF /* main.m in Sources */,
			);
			runOnlyForDeploymentPostprocessing = 0;
		};
		71AC3FCD1973F132003A2CCF /* Sources */ = {
			isa = PBXSourcesBuildPhase;
			buildActionMask = 2147483647;
			files = (
				71AC3FDF1973F132003A2CCF /* replaceStringTests.m in Sources */,
			);
			runOnlyForDeploymentPostprocessing = 0;
		};
/* End PBXSourcesBuildPhase section */

/* Begin PBXTargetDependency section */
		71AC3FD71973F132003A2CCF /* PBXTargetDependency */ = {
			isa = PBXTargetDependency;
			target = 71AC3FAF1973F132003A2CCF /* replaceString */;
			targetProxy = 71AC3FD61973F132003A2CCF /* PBXContainerItemProxy */;
		};
/* End PBXTargetDependency section */

/* Begin PBXVariantGroup section */
		71AC3FBC1973F132003A2CCF /* InfoPlist.strings */ = {
			isa = PBXVariantGroup;
			children = (
				71AC3FBD1973F132003A2CCF /* en */,
			);
			name = InfoPlist.strings;
			sourceTree = "<group>";
		};
		71AC3FC51973F132003A2CCF /* Main.storyboard */ = {
			isa = PBXVariantGroup;
			children = (
				71AC3FC61973F132003A2CCF /* Base */,
			);
			name = Main.storyboard;
			sourceTree = "<group>";
		};
		71AC3FDB1973F132003A2CCF /* InfoPlist.strings */ = {
			isa = PBXVariantGroup;
			children = (
				71AC3FDC1973F132003A2CCF /* en */,
			);
			name = InfoPlist.strings;
			sourceTree = "<group>";
		};
/* End PBXVariantGroup section */

/* Begin XCBuildConfiguration section */
		71AC3FE01973F132003A2CCF /* Debug */ = {
			isa = XCBuildConfiguration;
			buildSettings = {
				ALWAYS_SEARCH_USER_PATHS = NO;
				CLANG_CXX_LANGUAGE_STANDARD = "gnu++0x";
				CLANG_CXX_LIBRARY = "libc++";
				CLANG_ENABLE_MODULES = YES;
				CLANG_ENABLE_OBJC_ARC = YES;
				CLANG_WARN_BOOL_CONVERSION = YES;
				CLANG_WARN_CONSTANT_CONVERSION = YES;
				CLANG_WARN_DIRECT_OBJC_ISA_USAGE = YES_ERROR;
				CLANG_WARN_EMPTY_BODY = YES;
				CLANG_WARN_ENUM_CONVERSION = YES;
				CLANG_WARN_INT_CONVERSION = YES;
				CLANG_WARN_OBJC_ROOT_CLASS = YES_ERROR;
				CLANG_WARN__DUPLICATE_METHOD_MATCH = YES;
				"CODE_SIGN_IDENTITY[sdk=iphoneos*]" = "iPhone Developer";
				COPY_PHASE_STRIP = NO;
				GCC_C_LANGUAGE_STANDARD = gnu99;
				GCC_DYNAMIC_NO_PIC = NO;
				GCC_OPTIMIZATION_LEVEL = 0;
				GCC_PREPROCESSOR_DEFINITIONS = (
					"DEBUG=1",
					"$(inherited)",
				);
				GCC_SYMBOLS_PRIVATE_EXTERN = NO;
				GCC_WARN_64_TO_32_BIT_CONVERSION = YES;
				GCC_WARN_ABOUT_RETURN_TYPE = YES_ERROR;
				GCC_WARN_UNDECLARED_SELECTOR = YES;
				GCC_WARN_UNINITIALIZED_AUTOS = YES_AGGRESSIVE;
				GCC_WARN_UNUSED_FUNCTION = YES;
				GCC_WARN_UNUSED_VARIABLE = YES;
				IPHONEOS_DEPLOYMENT_TARGET = 7.1;
				ONLY_ACTIVE_ARCH = YES;
				SDKROOT = iphoneos;
			};
			name = Debug;
		};
		71AC3FE11973F132003A2CCF /* Release */ = {
			isa = XCBuildConfiguration;
			buildSettings = {
				ALWAYS_SEARCH_USER_PATHS = NO;
				CLANG_CXX_LANGUAGE_STANDARD = "gnu++0x";
				CLANG_CXX_LIBRARY = "libc++";
				CLANG_ENABLE_MODULES = YES;
				CLANG_ENABLE_OBJC_ARC = YES;
				CLANG_WARN_BOOL_CONVERSION = YES;
				CLANG_WARN_CONSTANT_CONVERSION = YES;
				CLANG_WARN_DIRECT_OBJC_ISA_USAGE = YES_ERROR;
				CLANG_WARN_EMPTY_BODY = YES;
				CLANG_WARN_ENUM_CONVERSION = YES;
				CLANG_WARN_INT_CONVERSION = YES;
				CLANG_WARN_OBJC_ROOT_CLASS = YES_ERROR;
				CLANG_WARN__DUPLICATE_METHOD_MATCH = YES;
				"CODE_SIGN_IDENTITY[sdk=iphoneos*]" = "iPhone Developer";
				COPY_PHASE_STRIP = YES;
				ENABLE_NS_ASSERTIONS = NO;
				GCC_C_LANGUAGE_STANDARD = gnu99;
				GCC_WARN_64_TO_32_BIT_CONVERSION = YES;
				GCC_WARN_ABOUT_RETURN_TYPE = YES_ERROR;
				GCC_WARN_UNDECLARED_SELECTOR = YES;
				GCC_WARN_UNINITIALIZED_AUTOS = YES_AGGRESSIVE;
				GCC_WARN_UNUSED_FUNCTION = YES;
				GCC_WARN_UNUSED_VARIABLE = YES;
				IPHONEOS_DEPLOYMENT_TARGET = 7.1;
				SDKROOT = iphoneos;
				VALIDATE_PRODUCT = YES;
			};
			name = Release;
		};
		71AC3FE31973F132003A2CCF /* Debug */ = {
			isa = XCBuildConfiguration;
			buildSettings = {
				ASSETCATALOG_COMPILER_APPICON_NAME = AppIcon;
				ASSETCATALOG_COMPILER_LAUNCHIMAGE_NAME = LaunchImage;
				GCC_PRECOMPILE_PREFIX_HEADER = YES;
				GCC_PREFIX_HEADER = "replaceString/replaceString-Prefix.pch";
				INFOPLIST_FILE = "replaceString/replaceString-Info.plist";
				PRODUCT_NAME = "$(TARGET_NAME)";
				WRAPPER_EXTENSION = app;
			};
			name = Debug;
		};
		71AC3FE41973F132003A2CCF /* Release */ = {
			isa = XCBuildConfiguration;
			buildSettings = {
				ASSETCATALOG_COMPILER_APPICON_NAME = AppIcon;
				ASSETCATALOG_COMPILER_LAUNCHIMAGE_NAME = LaunchImage;
				GCC_PRECOMPILE_PREFIX_HEADER = YES;
				GCC_PREFIX_HEADER = "replaceString/replaceString-Prefix.pch";
				INFOPLIST_FILE = "replaceString/replaceString-Info.plist";
				PRODUCT_NAME = "$(TARGET_NAME)";
				WRAPPER_EXTENSION = app;
			};
			name = Release;
		};
		71AC3FE61973F132003A2CCF /* Debug */ = {
			isa = XCBuildConfiguration;
			buildSettings = {
				BUNDLE_LOADER = "$(BUILT_PRODUCTS_DIR)/replaceString.app/replaceString";
				FRAMEWORK_SEARCH_PATHS = (
					"$(SDKROOT)/Developer/Library/Frameworks",
					"$(inherited)",
					"$(DEVELOPER_FRAMEWORKS_DIR)",
				);
				GCC_PRECOMPILE_PREFIX_HEADER = YES;
				GCC_PREFIX_HEADER = "replaceString/replaceString-Prefix.pch";
				GCC_PREPROCESSOR_DEFINITIONS = (
					"DEBUG=1",
					"$(inherited)",
				);
				INFOPLIST_FILE = "replaceStringTests/replaceStringTests-Info.plist";
				PRODUCT_NAME = "$(TARGET_NAME)";
				TEST_HOST = "$(BUNDLE_LOADER)";
				WRAPPER_EXTENSION = xctest;
			};
			name = Debug;
		};
		71AC3FE71973F132003A2CCF /* Release */ = {
			isa = XCBuildConfiguration;
			buildSettings = {
				BUNDLE_LOADER = "$(BUILT_PRODUCTS_DIR)/replaceString.app/replaceString";
				FRAMEWORK_SEARCH_PATHS = (
					"$(SDKROOT)/Developer/Library/Frameworks",
					"$(inherited)",
					"$(DEVELOPER_FRAMEWORKS_DIR)",
				);
				GCC_PRECOMPILE_PREFIX_HEADER = YES;
				GCC_PREFIX_HEADER = "replaceString/replaceString-Prefix.pch";
				INFOPLIST_FILE = "replaceStringTests/replaceStringTests-Info.plist";
				PRODUCT_NAME = "$(TARGET_NAME)";
				TEST_HOST = "$(BUNDLE_LOADER)";
				WRAPPER_EXTENSION = xctest;
			};
			name = Release;
		};
/* End XCBuildConfiguration section */

/* Begin XCConfigurationList section */
		71AC3FAB1973F132003A2CCF /* Build configuration list for PBXProject "replaceString" */ = {
			isa = XCConfigurationList;
			buildConfigurations = (
				71AC3FE01973F132003A2CCF /* Debug */,
				71AC3FE11973F132003A2CCF /* Release */,
			);
			defaultConfigurationIsVisible = 0;
			defaultConfigurationName = Release;
		};
		71AC3FE21973F132003A2CCF /* Build configuration list for PBXNativeTarget "replaceString" */ = {
			isa = XCConfigurationList;
			buildConfigurations = (
				71AC3FE31973F132003A2CCF /* Debug */,
				71AC3FE41973F132003A2CCF /* Release */,
			);
			defaultConfigurationIsVisible = 0;
		};
		71AC3FE51973F132003A2CCF /* Build configuration list for PBXNativeTarget "replaceStringTests" */ = {
			isa = XCConfigurationList;
			buildConfigurations = (
				71AC3FE61973F132003A2CCF /* Debug */,
				71AC3FE71973F132003A2CCF /* Release */,
			);
			defaultConfigurationIsVisible = 0;
		};
/* End XCConfigurationList section */
	};
	rootObject = 71AC3FA81973F132003A2CCF /* Project object */;
}
