// !$*UTF8*$!
{
	archiveVersion = 1;
	classes = {
	};
	objectVersion = 46;
	objects = {

/* Begin PBXBuildFile section */
		7122E6501970E811006A1D10 /* Foundation.framework in Frameworks */ = {isa = PBXBuildFile; fileRef = 7122E64F1970E811006A1D10 /* Foundation.framework */; };
		7122E6521970E811006A1D10 /* CoreGraphics.framework in Frameworks */ = {isa = PBXBuildFile; fileRef = 7122E6511970E811006A1D10 /* CoreGraphics.framework */; };
		7122E6541970E811006A1D10 /* UIKit.framework in Frameworks */ = {isa = PBXBuildFile; fileRef = 7122E6531970E811006A1D10 /* UIKit.framework */; };
		7122E65A1970E811006A1D10 /* InfoPlist.strings in Resources */ = {isa = PBXBuildFile; fileRef = 7122E6581970E811006A1D10 /* InfoPlist.strings */; };
		7122E65C1970E811006A1D10 /* main.m in Sources */ = {isa = PBXBuildFile; fileRef = 7122E65B1970E811006A1D10 /* main.m */; };
		7122E6601970E811006A1D10 /* klarkAppDelegate.m in Sources */ = {isa = PBXBuildFile; fileRef = 7122E65F1970E811006A1D10 /* klarkAppDelegate.m */; };
		7122E6681970E811006A1D10 /* Images.xcassets in Resources */ = {isa = PBXBuildFile; fileRef = 7122E6671970E811006A1D10 /* Images.xcassets */; };
		7122E66F1970E811006A1D10 /* XCTest.framework in Frameworks */ = {isa = PBXBuildFile; fileRef = 7122E66E1970E811006A1D10 /* XCTest.framework */; };
		7122E6701970E811006A1D10 /* Foundation.framework in Frameworks */ = {isa = PBXBuildFile; fileRef = 7122E64F1970E811006A1D10 /* Foundation.framework */; };
		7122E6711970E811006A1D10 /* UIKit.framework in Frameworks */ = {isa = PBXBuildFile; fileRef = 7122E6531970E811006A1D10 /* UIKit.framework */; };
		7122E6791970E811006A1D10 /* InfoPlist.strings in Resources */ = {isa = PBXBuildFile; fileRef = 7122E6771970E811006A1D10 /* InfoPlist.strings */; };
		7122E67B1970E811006A1D10 /* HelloWorldTests.m in Sources */ = {isa = PBXBuildFile; fileRef = 7122E67A1970E811006A1D10 /* HelloWorldTests.m */; };
		7122E6851970E83F006A1D10 /* Main.storyboard in Resources */ = {isa = PBXBuildFile; fileRef = 7122E6841970E83F006A1D10 /* Main.storyboard */; };
		7122E6881970E891006A1D10 /* klarkViewController.m in Sources */ = {isa = PBXBuildFile; fileRef = 7122E6871970E891006A1D10 /* klarkViewController.m */; };
/* End PBXBuildFile section */

/* Begin PBXContainerItemProxy section */
		7122E6721970E811006A1D10 /* PBXContainerItemProxy */ = {
			isa = PBXContainerItemProxy;
			containerPortal = 7122E6441970E811006A1D10 /* Project object */;
			proxyType = 1;
			remoteGlobalIDString = 7122E64B1970E811006A1D10;
			remoteInfo = HelloWorld;
		};
/* End PBXContainerItemProxy section */

/* Begin PBXFileReference section */
		7122E64C1970E811006A1D10 /* HelloWorld.app */ = {isa = PBXFileReference; explicitFileType = wrapper.application; includeInIndex = 0; path = HelloWorld.app; sourceTree = BUILT_PRODUCTS_DIR; };
		7122E64F1970E811006A1D10 /* Foundation.framework */ = {isa = PBXFileReference; lastKnownFileType = wrapper.framework; name = Foundation.framework; path = System/Library/Frameworks/Foundation.framework; sourceTree = SDKROOT; };
		7122E6511970E811006A1D10 /* CoreGraphics.framework */ = {isa = PBXFileReference; lastKnownFileType = wrapper.framework; name = CoreGraphics.framework; path = System/Library/Frameworks/CoreGraphics.framework; sourceTree = SDKROOT; };
		7122E6531970E811006A1D10 /* UIKit.framework */ = {isa = PBXFileReference; lastKnownFileType = wrapper.framework; name = UIKit.framework; path = System/Library/Frameworks/UIKit.framework; sourceTree = SDKROOT; };
		7122E6571970E811006A1D10 /* HelloWorld-Info.plist */ = {isa = PBXFileReference; lastKnownFileType = text.plist.xml; path = "HelloWorld-Info.plist"; sourceTree = "<group>"; };
		7122E6591970E811006A1D10 /* en */ = {isa = PBXFileReference; lastKnownFileType = text.plist.strings; name = en; path = en.lproj/InfoPlist.strings; sourceTree = "<group>"; };
		7122E65B1970E811006A1D10 /* main.m */ = {isa = PBXFileReference; lastKnownFileType = sourcecode.c.objc; path = main.m; sourceTree = "<group>"; };
		7122E65D1970E811006A1D10 /* HelloWorld-Prefix.pch */ = {isa = PBXFileReference; lastKnownFileType = sourcecode.c.h; path = "HelloWorld-Prefix.pch"; sourceTree = "<group>"; };
		7122E65E1970E811006A1D10 /* klarkAppDelegate.h */ = {isa = PBXFileReference; lastKnownFileType = sourcecode.c.h; path = klarkAppDelegate.h; sourceTree = "<group>"; };
		7122E65F1970E811006A1D10 /* klarkAppDelegate.m */ = {isa = PBXFileReference; lastKnownFileType = sourcecode.c.objc; path = klarkAppDelegate.m; sourceTree = "<group>"; };
		7122E6671970E811006A1D10 /* Images.xcassets */ = {isa = PBXFileReference; lastKnownFileType = folder.assetcatalog; path = Images.xcassets; sourceTree = "<group>"; };
		7122E66D1970E811006A1D10 /* HelloWorldTests.xctest */ = {isa = PBXFileReference; explicitFileType = wrapper.cfbundle; includeInIndex = 0; path = HelloWorldTests.xctest; sourceTree = BUILT_PRODUCTS_DIR; };
		7122E66E1970E811006A1D10 /* XCTest.framework */ = {isa = PBXFileReference; lastKnownFileType = wrapper.framework; name = XCTest.framework; path = Library/Frameworks/XCTest.framework; sourceTree = DEVELOPER_DIR; };
		7122E6761970E811006A1D10 /* HelloWorldTests-Info.plist */ = {isa = PBXFileReference; lastKnownFileType = text.plist.xml; path = "HelloWorldTests-Info.plist"; sourceTree = "<group>"; };
		7122E6781970E811006A1D10 /* en */ = {isa = PBXFileReference; lastKnownFileType = text.plist.strings; name = en; path = en.lproj/InfoPlist.strings; sourceTree = "<group>"; };
		7122E67A1970E811006A1D10 /* HelloWorldTests.m */ = {isa = PBXFileReference; lastKnownFileType = sourcecode.c.objc; path = HelloWorldTests.m; sourceTree = "<group>"; };
		7122E6841970E83F006A1D10 /* Main.storyboard */ = {isa = PBXFileReference; fileEncoding = 4; lastKnownFileType = file.storyboard; path = Main.storyboard; sourceTree = "<group>"; };
		7122E6861970E891006A1D10 /* klarkViewController.h */ = {isa = PBXFileReference; fileEncoding = 4; lastKnownFileType = sourcecode.c.h; path = klarkViewController.h; sourceTree = "<group>"; };
		7122E6871970E891006A1D10 /* klarkViewController.m */ = {isa = PBXFileReference; fileEncoding = 4; lastKnownFileType = sourcecode.c.objc; path = klarkViewController.m; sourceTree = "<group>"; };
/* End PBXFileReference section */

/* Begin PBXFrameworksBuildPhase section */
		7122E6491970E811006A1D10 /* Frameworks */ = {
			isa = PBXFrameworksBuildPhase;
			buildActionMask = 2147483647;
			files = (
				7122E6521970E811006A1D10 /* CoreGraphics.framework in Frameworks */,
				7122E6541970E811006A1D10 /* UIKit.framework in Frameworks */,
				7122E6501970E811006A1D10 /* Foundation.framework in Frameworks */,
			);
			runOnlyForDeploymentPostprocessing = 0;
		};
		7122E66A1970E811006A1D10 /* Frameworks */ = {
			isa = PBXFrameworksBuildPhase;
			buildActionMask = 2147483647;
			files = (
				7122E66F1970E811006A1D10 /* XCTest.framework in Frameworks */,
				7122E6711970E811006A1D10 /* UIKit.framework in Frameworks */,
				7122E6701970E811006A1D10 /* Foundation.framework in Frameworks */,
			);
			runOnlyForDeploymentPostprocessing = 0;
		};
/* End PBXFrameworksBuildPhase section */

/* Begin PBXGroup section */
		7122E6431970E811006A1D10 = {
			isa = PBXGroup;
			children = (
				7122E6551970E811006A1D10 /* HelloWorld */,
				7122E6741970E811006A1D10 /* HelloWorldTests */,
				7122E64E1970E811006A1D10 /* Frameworks */,
				7122E64D1970E811006A1D10 /* Products */,
			);
			sourceTree = "<group>";
		};
		7122E64D1970E811006A1D10 /* Products */ = {
			isa = PBXGroup;
			children = (
				7122E64C1970E811006A1D10 /* HelloWorld.app */,
				7122E66D1970E811006A1D10 /* HelloWorldTests.xctest */,
			);
			name = Products;
			sourceTree = "<group>";
		};
		7122E64E1970E811006A1D10 /* Frameworks */ = {
			isa = PBXGroup;
			children = (
				7122E64F1970E811006A1D10 /* Foundation.framework */,
				7122E6511970E811006A1D10 /* CoreGraphics.framework */,
				7122E6531970E811006A1D10 /* UIKit.framework */,
				7122E66E1970E811006A1D10 /* XCTest.framework */,
			);
			name = Frameworks;
			sourceTree = "<group>";
		};
		7122E6551970E811006A1D10 /* HelloWorld */ = {
			isa = PBXGroup;
			children = (
				7122E65E1970E811006A1D10 /* klarkAppDelegate.h */,
				7122E65F1970E811006A1D10 /* klarkAppDelegate.m */,
				7122E6841970E83F006A1D10 /* Main.storyboard */,
				7122E6861970E891006A1D10 /* klarkViewController.h */,
				7122E6871970E891006A1D10 /* klarkViewController.m */,
				7122E6671970E811006A1D10 /* Images.xcassets */,
				7122E6561970E811006A1D10 /* Supporting Files */,
			);
			path = HelloWorld;
			sourceTree = "<group>";
		};
		7122E6561970E811006A1D10 /* Supporting Files */ = {
			isa = PBXGroup;
			children = (
				7122E6571970E811006A1D10 /* HelloWorld-Info.plist */,
				7122E6581970E811006A1D10 /* InfoPlist.strings */,
				7122E65B1970E811006A1D10 /* main.m */,
				7122E65D1970E811006A1D10 /* HelloWorld-Prefix.pch */,
			);
			name = "Supporting Files";
			sourceTree = "<group>";
		};
		7122E6741970E811006A1D10 /* HelloWorldTests */ = {
			isa = PBXGroup;
			children = (
				7122E67A1970E811006A1D10 /* HelloWorldTests.m */,
				7122E6751970E811006A1D10 /* Supporting Files */,
			);
			path = HelloWorldTests;
			sourceTree = "<group>";
		};
		7122E6751970E811006A1D10 /* Supporting Files */ = {
			isa = PBXGroup;
			children = (
				7122E6761970E811006A1D10 /* HelloWorldTests-Info.plist */,
				7122E6771970E811006A1D10 /* InfoPlist.strings */,
			);
			name = "Supporting Files";
			sourceTree = "<group>";
		};
/* End PBXGroup section */

/* Begin PBXNativeTarget section */
		7122E64B1970E811006A1D10 /* HelloWorld */ = {
			isa = PBXNativeTarget;
			buildConfigurationList = 7122E67E1970E811006A1D10 /* Build configuration list for PBXNativeTarget "HelloWorld" */;
			buildPhases = (
				7122E6481970E811006A1D10 /* Sources */,
				7122E6491970E811006A1D10 /* Frameworks */,
				7122E64A1970E811006A1D10 /* Resources */,
			);
			buildRules = (
			);
			dependencies = (
			);
			name = HelloWorld;
			productName = HelloWorld;
			productReference = 7122E64C1970E811006A1D10 /* HelloWorld.app */;
			productType = "com.apple.product-type.application";
		};
		7122E66C1970E811006A1D10 /* HelloWorldTests */ = {
			isa = PBXNativeTarget;
			buildConfigurationList = 7122E6811970E811006A1D10 /* Build configuration list for PBXNativeTarget "HelloWorldTests" */;
			buildPhases = (
				7122E6691970E811006A1D10 /* Sources */,
				7122E66A1970E811006A1D10 /* Frameworks */,
				7122E66B1970E811006A1D10 /* Resources */,
			);
			buildRules = (
			);
			dependencies = (
				7122E6731970E811006A1D10 /* PBXTargetDependency */,
			);
			name = HelloWorldTests;
			productName = HelloWorldTests;
			productReference = 7122E66D1970E811006A1D10 /* HelloWorldTests.xctest */;
			productType = "com.apple.product-type.bundle.unit-test";
		};
/* End PBXNativeTarget section */

/* Begin PBXProject section */
		7122E6441970E811006A1D10 /* Project object */ = {
			isa = PBXProject;
			attributes = {
				CLASSPREFIX = klark;
				LastUpgradeCheck = 0510;
				ORGANIZATIONNAME = tencent;
				TargetAttributes = {
					7122E66C1970E811006A1D10 = {
						TestTargetID = 7122E64B1970E811006A1D10;
					};
				};
			};
			buildConfigurationList = 7122E6471970E811006A1D10 /* Build configuration list for PBXProject "HelloWorld" */;
			compatibilityVersion = "Xcode 3.2";
			developmentRegion = English;
			hasScannedForEncodings = 0;
			knownRegions = (
				en,
				Base,
			);
			mainGroup = 7122E6431970E811006A1D10;
			productRefGroup = 7122E64D1970E811006A1D10 /* Products */;
			projectDirPath = "";
			projectRoot = "";
			targets = (
				7122E64B1970E811006A1D10 /* HelloWorld */,
				7122E66C1970E811006A1D10 /* HelloWorldTests */,
			);
		};
/* End PBXProject section */

/* Begin PBXResourcesBuildPhase section */
		7122E64A1970E811006A1D10 /* Resources */ = {
			isa = PBXResourcesBuildPhase;
			buildActionMask = 2147483647;
			files = (
				7122E6681970E811006A1D10 /* Images.xcassets in Resources */,
				7122E65A1970E811006A1D10 /* InfoPlist.strings in Resources */,
				7122E6851970E83F006A1D10 /* Main.storyboard in Resources */,
			);
			runOnlyForDeploymentPostprocessing = 0;
		};
		7122E66B1970E811006A1D10 /* Resources */ = {
			isa = PBXResourcesBuildPhase;
			buildActionMask = 2147483647;
			files = (
				7122E6791970E811006A1D10 /* InfoPlist.strings in Resources */,
			);
			runOnlyForDeploymentPostprocessing = 0;
		};
/* End PBXResourcesBuildPhase section */

/* Begin PBXSourcesBuildPhase section */
		7122E6481970E811006A1D10 /* Sources */ = {
			isa = PBXSourcesBuildPhase;
			buildActionMask = 2147483647;
			files = (
				7122E6601970E811006A1D10 /* klarkAppDelegate.m in Sources */,
				7122E6881970E891006A1D10 /* klarkViewController.m in Sources */,
				7122E65C1970E811006A1D10 /* main.m in Sources */,
			);
			runOnlyForDeploymentPostprocessing = 0;
		};
		7122E6691970E811006A1D10 /* Sources */ = {
			isa = PBXSourcesBuildPhase;
			buildActionMask = 2147483647;
			files = (
				7122E67B1970E811006A1D10 /* HelloWorldTests.m in Sources */,
			);
			runOnlyForDeploymentPostprocessing = 0;
		};
/* End PBXSourcesBuildPhase section */

/* Begin PBXTargetDependency section */
		7122E6731970E811006A1D10 /* PBXTargetDependency */ = {
			isa = PBXTargetDependency;
			target = 7122E64B1970E811006A1D10 /* HelloWorld */;
			targetProxy = 7122E6721970E811006A1D10 /* PBXContainerItemProxy */;
		};
/* End PBXTargetDependency section */

/* Begin PBXVariantGroup section */
		7122E6581970E811006A1D10 /* InfoPlist.strings */ = {
			isa = PBXVariantGroup;
			children = (
				7122E6591970E811006A1D10 /* en */,
			);
			name = InfoPlist.strings;
			sourceTree = "<group>";
		};
		7122E6771970E811006A1D10 /* InfoPlist.strings */ = {
			isa = PBXVariantGroup;
			children = (
				7122E6781970E811006A1D10 /* en */,
			);
			name = InfoPlist.strings;
			sourceTree = "<group>";
		};
/* End PBXVariantGroup section */

/* Begin XCBuildConfiguration section */
		7122E67C1970E811006A1D10 /* Debug */ = {
			isa = XCBuildConfiguration;
			buildSettings = {
				ALWAYS_SEARCH_USER_PATHS = NO;
				CLANG_CXX_LANGUAGE_STANDARD = "gnu++0x";
				CLANG_CXX_LIBRARY = "libc++";
				CLANG_ENABLE_MODULES = YES;
				CLANG_ENABLE_OBJC_ARC = YES;
				CLANG_WARN_BOOL_CONVERSION = YES;
				CLANG_WARN_CONSTANT_CONVERSION = YES;
				CLANG_WARN_DIRECT_OBJC_ISA_USAGE = YES_ERROR;
				CLANG_WARN_EMPTY_BODY = YES;
				CLANG_WARN_ENUM_CONVERSION = YES;
				CLANG_WARN_INT_CONVERSION = YES;
				CLANG_WARN_OBJC_ROOT_CLASS = YES_ERROR;
				CLANG_WARN__DUPLICATE_METHOD_MATCH = YES;
				"CODE_SIGN_IDENTITY[sdk=iphoneos*]" = "iPhone Developer";
				COPY_PHASE_STRIP = NO;
				GCC_C_LANGUAGE_STANDARD = gnu99;
				GCC_DYNAMIC_NO_PIC = NO;
				GCC_OPTIMIZATION_LEVEL = 0;
				GCC_PREPROCESSOR_DEFINITIONS = (
					"DEBUG=1",
					"$(inherited)",
				);
				GCC_SYMBOLS_PRIVATE_EXTERN = NO;
				GCC_WARN_64_TO_32_BIT_CONVERSION = YES;
				GCC_WARN_ABOUT_RETURN_TYPE = YES_ERROR;
				GCC_WARN_UNDECLARED_SELECTOR = YES;
				GCC_WARN_UNINITIALIZED_AUTOS = YES_AGGRESSIVE;
				GCC_WARN_UNUSED_FUNCTION = YES;
				GCC_WARN_UNUSED_VARIABLE = YES;
				IPHONEOS_DEPLOYMENT_TARGET = 7.1;
				ONLY_ACTIVE_ARCH = YES;
				SDKROOT = iphoneos;
			};
			name = Debug;
		};
		7122E67D1970E811006A1D10 /* Release */ = {
			isa = XCBuildConfiguration;
			buildSettings = {
				ALWAYS_SEARCH_USER_PATHS = NO;
				CLANG_CXX_LANGUAGE_STANDARD = "gnu++0x";
				CLANG_CXX_LIBRARY = "libc++";
				CLANG_ENABLE_MODULES = YES;
				CLANG_ENABLE_OBJC_ARC = YES;
				CLANG_WARN_BOOL_CONVERSION = YES;
				CLANG_WARN_CONSTANT_CONVERSION = YES;
				CLANG_WARN_DIRECT_OBJC_ISA_USAGE = YES_ERROR;
				CLANG_WARN_EMPTY_BODY = YES;
				CLANG_WARN_ENUM_CONVERSION = YES;
				CLANG_WARN_INT_CONVERSION = YES;
				CLANG_WARN_OBJC_ROOT_CLASS = YES_ERROR;
				CLANG_WARN__DUPLICATE_METHOD_MATCH = YES;
				"CODE_SIGN_IDENTITY[sdk=iphoneos*]" = "iPhone Developer";
				COPY_PHASE_STRIP = YES;
				ENABLE_NS_ASSERTIONS = NO;
				GCC_C_LANGUAGE_STANDARD = gnu99;
				GCC_WARN_64_TO_32_BIT_CONVERSION = YES;
				GCC_WARN_ABOUT_RETURN_TYPE = YES_ERROR;
				GCC_WARN_UNDECLARED_SELECTOR = YES;
				GCC_WARN_UNINITIALIZED_AUTOS = YES_AGGRESSIVE;
				GCC_WARN_UNUSED_FUNCTION = YES;
				GCC_WARN_UNUSED_VARIABLE = YES;
				IPHONEOS_DEPLOYMENT_TARGET = 7.1;
				SDKROOT = iphoneos;
				VALIDATE_PRODUCT = YES;
			};
			name = Release;
		};
		7122E67F1970E811006A1D10 /* Debug */ = {
			isa = XCBuildConfiguration;
			buildSettings = {
				ASSETCATALOG_COMPILER_APPICON_NAME = AppIcon;
				ASSETCATALOG_COMPILER_LAUNCHIMAGE_NAME = LaunchImage;
				GCC_PRECOMPILE_PREFIX_HEADER = YES;
				GCC_PREFIX_HEADER = "HelloWorld/HelloWorld-Prefix.pch";
				INFOPLIST_FILE = "HelloWorld/HelloWorld-Info.plist";
				PRODUCT_NAME = "$(TARGET_NAME)";
				WRAPPER_EXTENSION = app;
			};
			name = Debug;
		};
		7122E6801970E811006A1D10 /* Release */ = {
			isa = XCBuildConfiguration;
			buildSettings = {
				ASSETCATALOG_COMPILER_APPICON_NAME = AppIcon;
				ASSETCATALOG_COMPILER_LAUNCHIMAGE_NAME = LaunchImage;
				GCC_PRECOMPILE_PREFIX_HEADER = YES;
				GCC_PREFIX_HEADER = "HelloWorld/HelloWorld-Prefix.pch";
				INFOPLIST_FILE = "HelloWorld/HelloWorld-Info.plist";
				PRODUCT_NAME = "$(TARGET_NAME)";
				WRAPPER_EXTENSION = app;
			};
			name = Release;
		};
		7122E6821970E811006A1D10 /* Debug */ = {
			isa = XCBuildConfiguration;
			buildSettings = {
				BUNDLE_LOADER = "$(BUILT_PRODUCTS_DIR)/HelloWorld.app/HelloWorld";
				FRAMEWORK_SEARCH_PATHS = (
					"$(SDKROOT)/Developer/Library/Frameworks",
					"$(inherited)",
					"$(DEVELOPER_FRAMEWORKS_DIR)",
				);
				GCC_PRECOMPILE_PREFIX_HEADER = YES;
				GCC_PREFIX_HEADER = "HelloWorld/HelloWorld-Prefix.pch";
				GCC_PREPROCESSOR_DEFINITIONS = (
					"DEBUG=1",
					"$(inherited)",
				);
				INFOPLIST_FILE = "HelloWorldTests/HelloWorldTests-Info.plist";
				PRODUCT_NAME = "$(TARGET_NAME)";
				TEST_HOST = "$(BUNDLE_LOADER)";
				WRAPPER_EXTENSION = xctest;
			};
			name = Debug;
		};
		7122E6831970E811006A1D10 /* Release */ = {
			isa = XCBuildConfiguration;
			buildSettings = {
				BUNDLE_LOADER = "$(BUILT_PRODUCTS_DIR)/HelloWorld.app/HelloWorld";
				FRAMEWORK_SEARCH_PATHS = (
					"$(SDKROOT)/Developer/Library/Frameworks",
					"$(inherited)",
					"$(DEVELOPER_FRAMEWORKS_DIR)",
				);
				GCC_PRECOMPILE_PREFIX_HEADER = YES;
				GCC_PREFIX_HEADER = "HelloWorld/HelloWorld-Prefix.pch";
				INFOPLIST_FILE = "HelloWorldTests/HelloWorldTests-Info.plist";
				PRODUCT_NAME = "$(TARGET_NAME)";
				TEST_HOST = "$(BUNDLE_LOADER)";
				WRAPPER_EXTENSION = xctest;
			};
			name = Release;
		};
/* End XCBuildConfiguration section */

/* Begin XCConfigurationList section */
		7122E6471970E811006A1D10 /* Build configuration list for PBXProject "HelloWorld" */ = {
			isa = XCConfigurationList;
			buildConfigurations = (
				7122E67C1970E811006A1D10 /* Debug */,
				7122E67D1970E811006A1D10 /* Release */,
			);
			defaultConfigurationIsVisible = 0;
			defaultConfigurationName = Release;
		};
		7122E67E1970E811006A1D10 /* Build configuration list for PBXNativeTarget "HelloWorld" */ = {
			isa = XCConfigurationList;
			buildConfigurations = (
				7122E67F1970E811006A1D10 /* Debug */,
				7122E6801970E811006A1D10 /* Release */,
			);
			defaultConfigurationIsVisible = 0;
			defaultConfigurationName = Release;
		};
		7122E6811970E811006A1D10 /* Build configuration list for PBXNativeTarget "HelloWorldTests" */ = {
			isa = XCConfigurationList;
			buildConfigurations = (
				7122E6821970E811006A1D10 /* Debug */,
				7122E6831970E811006A1D10 /* Release */,
			);
			defaultConfigurationIsVisible = 0;
			defaultConfigurationName = Release;
		};
/* End XCConfigurationList section */
	};
	rootObject = 7122E6441970E811006A1D10 /* Project object */;
}
